
Microsoft Visual Studio Solution File, Format Version 12.00
# Visual Studio Version 17
VisualStudioVersion = 17.5.33516.290
MinimumVisualStudioVersion = 10.0.40219.1
Project("{9A19103F-16F7-4668-BE54-9A1E7A4F7556}") = "RushHour.Data", "RushHour.Data\RushHour.Data.csproj", "{99F65523-F5DA-4658-9F1E-97BF903A9AF5}"
EndProject
Project("{9A19103F-16F7-4668-BE54-9A1E7A4F7556}") = "RushHour.Domain", "RushHour.Domain\RushHour.Domain.csproj", "{8820A1B6-F50A-4F65-9954-269B42380140}"
EndProject
Project("{9A19103F-16F7-4668-BE54-9A1E7A4F7556}") = "RushHour.Services", "RushHour.Services\RushHour.Services.csproj", "{0190D941-F1E9-4484-BDE4-0C4047B8EAFE}"
EndProject
Project("{9A19103F-16F7-4668-BE54-9A1E7A4F7556}") = "RushHour.API", "RushHour.API\RushHour.API.csproj", "{446F1739-A8C3-4D6D-A445-398F40DBCC99}"
EndProject
Project("{FAE04EC0-301F-11D3-BF4B-00C04F79EFBC}") = "RushHour.Services.Tests", "RushHour.Services.Tests\RushHour.Services.Tests.csproj", "{70A0F3CD-88BC-44EF-BAC3-1EAB7814A3A8}"
EndProject
Global
	GlobalSection(SolutionConfigurationPlatforms) = preSolution
		Debug|Any CPU = Debug|Any CPU
		Release|Any CPU = Release|Any CPU
	EndGlobalSection
	GlobalSection(ProjectConfigurationPlatforms) = postSolution
		{99F65523-F5DA-4658-9F1E-97BF903A9AF5}.Debug|Any CPU.ActiveCfg = Debug|Any CPU
		{99F65523-F5DA-4658-9F1E-97BF903A9AF5}.Debug|Any CPU.Build.0 = Debug|Any CPU
		{99F65523-F5DA-4658-9F1E-97BF903A9AF5}.Release|Any CPU.ActiveCfg = Release|Any CPU
		{99F65523-F5DA-4658-9F1E-97BF903A9AF5}.Release|Any CPU.Build.0 = Release|Any CPU
		{8820A1B6-F50A-4F65-9954-269B42380140}.Debug|Any CPU.ActiveCfg = Debug|Any CPU
		{8820A1B6-F50A-4F65-9954-269B42380140}.Debug|Any CPU.Build.0 = Debug|Any CPU
		{8820A1B6-F50A-4F65-9954-269B42380140}.Release|Any CPU.ActiveCfg = Release|Any CPU
		{8820A1B6-F50A-4F65-9954-269B42380140}.Release|Any CPU.Build.0 = Release|Any CPU
		{0190D941-F1E9-4484-BDE4-0C4047B8EAFE}.Debug|Any CPU.ActiveCfg = Debug|Any CPU
		{0190D941-F1E9-4484-BDE4-0C4047B8EAFE}.Debug|Any CPU.Build.0 = Debug|Any CPU
		{0190D941-F1E9-4484-BDE4-0C4047B8EAFE}.Release|Any CPU.ActiveCfg = Release|Any CPU
		{0190D941-F1E9-4484-BDE4-0C4047B8EAFE}.Release|Any CPU.Build.0 = Release|Any CPU
		{446F1739-A8C3-4D6D-A445-398F40DBCC99}.Debug|Any CPU.ActiveCfg = Debug|Any CPU
		{446F1739-A8C3-4D6D-A445-398F40DBCC99}.Debug|Any CPU.Build.0 = Debug|Any CPU
		{446F1739-A8C3-4D6D-A445-398F40DBCC99}.Release|Any CPU.ActiveCfg = Release|Any CPU
		{446F1739-A8C3-4D6D-A445-398F40DBCC99}.Release|Any CPU.Build.0 = Release|Any CPU
		{70A0F3CD-88BC-44EF-BAC3-1EAB7814A3A8}.Debug|Any CPU.ActiveCfg = Debug|Any CPU
		{70A0F3CD-88BC-44EF-BAC3-1EAB7814A3A8}.Debug|Any CPU.Build.0 = Debug|Any CPU
		{70A0F3CD-88BC-44EF-BAC3-1EAB7814A3A8}.Release|Any CPU.ActiveCfg = Release|Any CPU
		{70A0F3CD-88BC-44EF-BAC3-1EAB7814A3A8}.Release|Any CPU.Build.0 = Release|Any CPU
	EndGlobalSection
	GlobalSection(SolutionProperties) = preSolution
		HideSolutionNode = FALSE
	EndGlobalSection
	GlobalSection(ExtensibilityGlobals) = postSolution
		SolutionGuid = {1B1493A7-4B39-42B5-9BC5-825F5E13BB1E}
	EndGlobalSection
EndGlobal
